
Microsoft Visual Studio Solution File, Format Version 12.00
# Visual Studio Version 16
VisualStudioVersion = 16.0.33529.622
MinimumVisualStudioVersion = 10.0.40219.1
Project("{FAE04EC0-301F-11D3-BF4B-00C04F79EFBC}") = "Agenda_Consola", "Agenda_Consola.csproj", "{AB9A2609-51D6-4BF1-AFAB-600B58FEA408}"
EndProject
Global
	GlobalSection(SolutionConfigurationPlatforms) = preSolution
		Debug|Any CPU = Debug|Any CPU
		Release|Any CPU = Release|Any CPU
	EndGlobalSection
	GlobalSection(ProjectConfigurationPlatforms) = postSolution
		{AB9A2609-51D6-4BF1-AFAB-600B58FEA408}.Debug|Any CPU.ActiveCfg = Debug|Any CPU
		{AB9A2609-51D6-4BF1-AFAB-600B58FEA408}.Debug|Any CPU.Build.0 = Debug|Any CPU
		{AB9A2609-51D6-4BF1-AFAB-600B58FEA408}.Release|Any CPU.ActiveCfg = Release|Any CPU
		{AB9A2609-51D6-4BF1-AFAB-600B58FEA408}.Release|Any CPU.Build.0 = Release|Any CPU
	EndGlobalSection
	GlobalSection(SolutionProperties) = preSolution
		HideSolutionNode = FALSE
	EndGlobalSection
	GlobalSection(ExtensibilityGlobals) = postSolution
		SolutionGuid = {35EEB5E6-2563-4634-89E3-1CF8CD120EF0}
	EndGlobalSection
EndGlobal
